
Microsoft Visual Studio Solution File, Format Version 12.00
# Visual Studio 14
VisualStudioVersion = 14.0.25420.1
MinimumVisualStudioVersion = 10.0.40219.1
Project("{FAE04EC0-301F-11D3-BF4B-00C04F79EFBC}") = "Lexicon-LMS", "Lexicon-LMS\Lexicon-LMS.csproj", "{EFE2AEB6-C0E9-43BA-8052-2100C6F84A13}"
EndProject
Project("{FAE04EC0-301F-11D3-BF4B-00C04F79EFBC}") = "Lexicon-LMS.Tests", "Lexicon-LMS.Tests\Lexicon-LMS.Tests.csproj", "{FE1BDA89-3FEB-46CB-BBFA-8A4DBCFC36E3}"
EndProject
Global
	GlobalSection(SolutionConfigurationPlatforms) = preSolution
		Debug|Any CPU = Debug|Any CPU
		Release|Any CPU = Release|Any CPU
	EndGlobalSection
	GlobalSection(ProjectConfigurationPlatforms) = postSolution
		{EFE2AEB6-C0E9-43BA-8052-2100C6F84A13}.Debug|Any CPU.ActiveCfg = Debug|Any CPU
		{EFE2AEB6-C0E9-43BA-8052-2100C6F84A13}.Debug|Any CPU.Build.0 = Debug|Any CPU
		{EFE2AEB6-C0E9-43BA-8052-2100C6F84A13}.Release|Any CPU.ActiveCfg = Release|Any CPU
		{EFE2AEB6-C0E9-43BA-8052-2100C6F84A13}.Release|Any CPU.Build.0 = Release|Any CPU
		{FE1BDA89-3FEB-46CB-BBFA-8A4DBCFC36E3}.Debug|Any CPU.ActiveCfg = Debug|Any CPU
		{FE1BDA89-3FEB-46CB-BBFA-8A4DBCFC36E3}.Debug|Any CPU.Build.0 = Debug|Any CPU
		{FE1BDA89-3FEB-46CB-BBFA-8A4DBCFC36E3}.Release|Any CPU.ActiveCfg = Release|Any CPU
		{FE1BDA89-3FEB-46CB-BBFA-8A4DBCFC36E3}.Release|Any CPU.Build.0 = Release|Any CPU
	EndGlobalSection
	GlobalSection(SolutionProperties) = preSolution
		HideSolutionNode = FALSE
	EndGlobalSection
EndGlobal
